{
  "object": {
    "pins": [
      {
        "package": "Starscream",
        "repositoryURL": "https://github.com/skopanitskyi/Starscream",
        "state": {
          "branch": "master",
          "revision": "fbe924c89afe209ad144b53963d9a06818714f89",
          "version": null
        }
      }
    ]
  },
  "version": 1
}
